
Microsoft Visual Studio Solution File, Format Version 12.00
# Visual Studio Version 16
VisualStudioVersion = 16.0.29728.190
MinimumVisualStudioVersion = 10.0.40219.1
Project("{FAE04EC0-301F-11D3-BF4B-00C04F79EFBC}") = "BlankApp2", "BlankApp2\BlankApp2\BlankApp2.csproj", "{A72CA7CC-7183-4B7F-BC65-DDFDD2F0BEB5}"
EndProject
Project("{FAE04EC0-301F-11D3-BF4B-00C04F79EFBC}") = "BlankApp2.iOS", "BlankApp2\BlankApp2.iOS\BlankApp2.iOS.csproj", "{06447EFF-7A91-47B6-87B7-00F5D2CADC4B}"
EndProject
Global
	GlobalSection(SolutionConfigurationPlatforms) = preSolution
		Ad-Hoc|Any CPU = Ad-Hoc|Any CPU
		Ad-Hoc|iPhone = Ad-Hoc|iPhone
		Ad-Hoc|iPhoneSimulator = Ad-Hoc|iPhoneSimulator
		AppStore|Any CPU = AppStore|Any CPU
		AppStore|iPhone = AppStore|iPhone
		AppStore|iPhoneSimulator = AppStore|iPhoneSimulator
		Debug|Any CPU = Debug|Any CPU
		Debug|iPhone = Debug|iPhone
		Debug|iPhoneSimulator = Debug|iPhoneSimulator
		Release|Any CPU = Release|Any CPU
		Release|iPhone = Release|iPhone
		Release|iPhoneSimulator = Release|iPhoneSimulator
	EndGlobalSection
	GlobalSection(ProjectConfigurationPlatforms) = postSolution
		{A72CA7CC-7183-4B7F-BC65-DDFDD2F0BEB5}.Ad-Hoc|Any CPU.ActiveCfg = Debug|Any CPU
		{A72CA7CC-7183-4B7F-BC65-DDFDD2F0BEB5}.Ad-Hoc|Any CPU.Build.0 = Debug|Any CPU
		{A72CA7CC-7183-4B7F-BC65-DDFDD2F0BEB5}.Ad-Hoc|iPhone.ActiveCfg = Debug|Any CPU
		{A72CA7CC-7183-4B7F-BC65-DDFDD2F0BEB5}.Ad-Hoc|iPhone.Build.0 = Debug|Any CPU
		{A72CA7CC-7183-4B7F-BC65-DDFDD2F0BEB5}.Ad-Hoc|iPhoneSimulator.ActiveCfg = Debug|Any CPU
		{A72CA7CC-7183-4B7F-BC65-DDFDD2F0BEB5}.Ad-Hoc|iPhoneSimulator.Build.0 = Debug|Any CPU
		{A72CA7CC-7183-4B7F-BC65-DDFDD2F0BEB5}.AppStore|Any CPU.ActiveCfg = Debug|Any CPU
		{A72CA7CC-7183-4B7F-BC65-DDFDD2F0BEB5}.AppStore|Any CPU.Build.0 = Debug|Any CPU
		{A72CA7CC-7183-4B7F-BC65-DDFDD2F0BEB5}.AppStore|iPhone.ActiveCfg = Debug|Any CPU
		{A72CA7CC-7183-4B7F-BC65-DDFDD2F0BEB5}.AppStore|iPhone.Build.0 = Debug|Any CPU
		{A72CA7CC-7183-4B7F-BC65-DDFDD2F0BEB5}.AppStore|iPhoneSimulator.ActiveCfg = Debug|Any CPU
		{A72CA7CC-7183-4B7F-BC65-DDFDD2F0BEB5}.AppStore|iPhoneSimulator.Build.0 = Debug|Any CPU
		{A72CA7CC-7183-4B7F-BC65-DDFDD2F0BEB5}.Debug|Any CPU.ActiveCfg = Debug|Any CPU
		{A72CA7CC-7183-4B7F-BC65-DDFDD2F0BEB5}.Debug|Any CPU.Build.0 = Debug|Any CPU
		{A72CA7CC-7183-4B7F-BC65-DDFDD2F0BEB5}.Debug|iPhone.ActiveCfg = Debug|Any CPU
		{A72CA7CC-7183-4B7F-BC65-DDFDD2F0BEB5}.Debug|iPhone.Build.0 = Debug|Any CPU
		{A72CA7CC-7183-4B7F-BC65-DDFDD2F0BEB5}.Debug|iPhoneSimulator.ActiveCfg = Debug|Any CPU
		{A72CA7CC-7183-4B7F-BC65-DDFDD2F0BEB5}.Debug|iPhoneSimulator.Build.0 = Debug|Any CPU
		{A72CA7CC-7183-4B7F-BC65-DDFDD2F0BEB5}.Release|Any CPU.ActiveCfg = Release|Any CPU
		{A72CA7CC-7183-4B7F-BC65-DDFDD2F0BEB5}.Release|Any CPU.Build.0 = Release|Any CPU
		{A72CA7CC-7183-4B7F-BC65-DDFDD2F0BEB5}.Release|iPhone.ActiveCfg = Release|Any CPU
		{A72CA7CC-7183-4B7F-BC65-DDFDD2F0BEB5}.Release|iPhone.Build.0 = Release|Any CPU
		{A72CA7CC-7183-4B7F-BC65-DDFDD2F0BEB5}.Release|iPhoneSimulator.ActiveCfg = Release|Any CPU
		{A72CA7CC-7183-4B7F-BC65-DDFDD2F0BEB5}.Release|iPhoneSimulator.Build.0 = Release|Any CPU
		{06447EFF-7A91-47B6-87B7-00F5D2CADC4B}.Ad-Hoc|Any CPU.ActiveCfg = Ad-Hoc|iPhone
		{06447EFF-7A91-47B6-87B7-00F5D2CADC4B}.Ad-Hoc|iPhone.ActiveCfg = Ad-Hoc|iPhone
		{06447EFF-7A91-47B6-87B7-00F5D2CADC4B}.Ad-Hoc|iPhone.Build.0 = Ad-Hoc|iPhone
		{06447EFF-7A91-47B6-87B7-00F5D2CADC4B}.Ad-Hoc|iPhoneSimulator.ActiveCfg = Ad-Hoc|iPhoneSimulator
		{06447EFF-7A91-47B6-87B7-00F5D2CADC4B}.Ad-Hoc|iPhoneSimulator.Build.0 = Ad-Hoc|iPhoneSimulator
		{06447EFF-7A91-47B6-87B7-00F5D2CADC4B}.AppStore|Any CPU.ActiveCfg = AppStore|iPhone
		{06447EFF-7A91-47B6-87B7-00F5D2CADC4B}.AppStore|iPhone.ActiveCfg = AppStore|iPhone
		{06447EFF-7A91-47B6-87B7-00F5D2CADC4B}.AppStore|iPhone.Build.0 = AppStore|iPhone
		{06447EFF-7A91-47B6-87B7-00F5D2CADC4B}.AppStore|iPhoneSimulator.ActiveCfg = AppStore|iPhoneSimulator
		{06447EFF-7A91-47B6-87B7-00F5D2CADC4B}.AppStore|iPhoneSimulator.Build.0 = AppStore|iPhoneSimulator
		{06447EFF-7A91-47B6-87B7-00F5D2CADC4B}.Debug|Any CPU.ActiveCfg = Debug|iPhone
		{06447EFF-7A91-47B6-87B7-00F5D2CADC4B}.Debug|iPhone.ActiveCfg = Debug|iPhone
		{06447EFF-7A91-47B6-87B7-00F5D2CADC4B}.Debug|iPhone.Build.0 = Debug|iPhone
		{06447EFF-7A91-47B6-87B7-00F5D2CADC4B}.Debug|iPhoneSimulator.ActiveCfg = Debug|iPhoneSimulator
		{06447EFF-7A91-47B6-87B7-00F5D2CADC4B}.Debug|iPhoneSimulator.Build.0 = Debug|iPhoneSimulator
		{06447EFF-7A91-47B6-87B7-00F5D2CADC4B}.Release|Any CPU.ActiveCfg = Release|iPhone
		{06447EFF-7A91-47B6-87B7-00F5D2CADC4B}.Release|iPhone.ActiveCfg = Release|iPhone
		{06447EFF-7A91-47B6-87B7-00F5D2CADC4B}.Release|iPhone.Build.0 = Release|iPhone
		{06447EFF-7A91-47B6-87B7-00F5D2CADC4B}.Release|iPhoneSimulator.ActiveCfg = Release|iPhoneSimulator
		{06447EFF-7A91-47B6-87B7-00F5D2CADC4B}.Release|iPhoneSimulator.Build.0 = Release|iPhoneSimulator
	EndGlobalSection
	GlobalSection(SolutionProperties) = preSolution
		HideSolutionNode = FALSE
	EndGlobalSection
	GlobalSection(ExtensibilityGlobals) = postSolution
		SolutionGuid = {D7C0B517-3625-4B46-B383-8D495F86C241}
	EndGlobalSection
EndGlobal
